// !$*UTF8*$!
{
	archiveVersion = 1;
	classes = {
	};
	objectVersion = 56;
	objects = {

/* Begin PBXBuildFile section */
		4A7FAF7C2AFD5E220008E3BF /* AppDelegate.swift in Sources */ = {isa = PBXBuildFile; fileRef = 4A7FAF7B2AFD5E220008E3BF /* AppDelegate.swift */; };
		4A7FAF7E2AFD5E220008E3BF /* SceneDelegate.swift in Sources */ = {isa = PBXBuildFile; fileRef = 4A7FAF7D2AFD5E220008E3BF /* SceneDelegate.swift */; };
		4A7FAF802AFD5E220008E3BF /* ViewController.swift in Sources */ = {isa = PBXBuildFile; fileRef = 4A7FAF7F2AFD5E220008E3BF /* ViewController.swift */; };
		4A7FAF832AFD5E220008E3BF /* Main.storyboard in Resources */ = {isa = PBXBuildFile; fileRef = 4A7FAF812AFD5E220008E3BF /* Main.storyboard */; };
		4A7FAF852AFD5E230008E3BF /* Assets.xcassets in Resources */ = {isa = PBXBuildFile; fileRef = 4A7FAF842AFD5E230008E3BF /* Assets.xcassets */; };
		4A7FAF882AFD5E230008E3BF /* LaunchScreen.storyboard in Resources */ = {isa = PBXBuildFile; fileRef = 4A7FAF862AFD5E230008E3BF /* LaunchScreen.storyboard */; };
		4A7FAF932AFD5E230008E3BF /* TableViewDemoTests.swift in Sources */ = {isa = PBXBuildFile; fileRef = 4A7FAF922AFD5E230008E3BF /* TableViewDemoTests.swift */; };
		4A7FAF9D2AFD5E230008E3BF /* TableViewDemoUITests.swift in Sources */ = {isa = PBXBuildFile; fileRef = 4A7FAF9C2AFD5E230008E3BF /* TableViewDemoUITests.swift */; };
		4A7FAF9F2AFD5E230008E3BF /* TableViewDemoUITestsLaunchTests.swift in Sources */ = {isa = PBXBuildFile; fileRef = 4A7FAF9E2AFD5E230008E3BF /* TableViewDemoUITestsLaunchTests.swift */; };
		4A7FAFAC2AFD60DF0008E3BF /* ProductsDescriptionViewController.swift in Sources */ = {isa = PBXBuildFile; fileRef = 4A7FAFAB2AFD60DF0008E3BF /* ProductsDescriptionViewController.swift */; };
/* End PBXBuildFile section */

/* Begin PBXContainerItemProxy section */
		4A7FAF8F2AFD5E230008E3BF /* PBXContainerItemProxy */ = {
			isa = PBXContainerItemProxy;
			containerPortal = 4A7FAF702AFD5E220008E3BF /* Project object */;
			proxyType = 1;
			remoteGlobalIDString = 4A7FAF772AFD5E220008E3BF;
			remoteInfo = TableViewDemo;
		};
		4A7FAF992AFD5E230008E3BF /* PBXContainerItemProxy */ = {
			isa = PBXContainerItemProxy;
			containerPortal = 4A7FAF702AFD5E220008E3BF /* Project object */;
			proxyType = 1;
			remoteGlobalIDString = 4A7FAF772AFD5E220008E3BF;
			remoteInfo = TableViewDemo;
		};
/* End PBXContainerItemProxy section */

/* Begin PBXFileReference section */
		4A7FAF782AFD5E220008E3BF /* TableViewDemo.app */ = {isa = PBXFileReference; explicitFileType = wrapper.application; includeInIndex = 0; path = TableViewDemo.app; sourceTree = BUILT_PRODUCTS_DIR; };
		4A7FAF7B2AFD5E220008E3BF /* AppDelegate.swift */ = {isa = PBXFileReference; lastKnownFileType = sourcecode.swift; path = AppDelegate.swift; sourceTree = "<group>"; };
		4A7FAF7D2AFD5E220008E3BF /* SceneDelegate.swift */ = {isa = PBXFileReference; lastKnownFileType = sourcecode.swift; path = SceneDelegate.swift; sourceTree = "<group>"; };
		4A7FAF7F2AFD5E220008E3BF /* ViewController.swift */ = {isa = PBXFileReference; lastKnownFileType = sourcecode.swift; path = ViewController.swift; sourceTree = "<group>"; };
		4A7FAF822AFD5E220008E3BF /* Base */ = {isa = PBXFileReference; lastKnownFileType = file.storyboard; name = Base; path = Base.lproj/Main.storyboard; sourceTree = "<group>"; };
		4A7FAF842AFD5E230008E3BF /* Assets.xcassets */ = {isa = PBXFileReference; lastKnownFileType = folder.assetcatalog; path = Assets.xcassets; sourceTree = "<group>"; };
		4A7FAF872AFD5E230008E3BF /* Base */ = {isa = PBXFileReference; lastKnownFileType = file.storyboard; name = Base; path = Base.lproj/LaunchScreen.storyboard; sourceTree = "<group>"; };
		4A7FAF892AFD5E230008E3BF /* Info.plist */ = {isa = PBXFileReference; lastKnownFileType = text.plist.xml; path = Info.plist; sourceTree = "<group>"; };
		4A7FAF8E2AFD5E230008E3BF /* TableViewDemoTests.xctest */ = {isa = PBXFileReference; explicitFileType = wrapper.cfbundle; includeInIndex = 0; path = TableViewDemoTests.xctest; sourceTree = BUILT_PRODUCTS_DIR; };
		4A7FAF922AFD5E230008E3BF /* TableViewDemoTests.swift */ = {isa = PBXFileReference; lastKnownFileType = sourcecode.swift; path = TableViewDemoTests.swift; sourceTree = "<group>"; };
		4A7FAF982AFD5E230008E3BF /* TableViewDemoUITests.xctest */ = {isa = PBXFileReference; explicitFileType = wrapper.cfbundle; includeInIndex = 0; path = TableViewDemoUITests.xctest; sourceTree = BUILT_PRODUCTS_DIR; };
		4A7FAF9C2AFD5E230008E3BF /* TableViewDemoUITests.swift */ = {isa = PBXFileReference; lastKnownFileType = sourcecode.swift; path = TableViewDemoUITests.swift; sourceTree = "<group>"; };
		4A7FAF9E2AFD5E230008E3BF /* TableViewDemoUITestsLaunchTests.swift */ = {isa = PBXFileReference; lastKnownFileType = sourcecode.swift; path = TableViewDemoUITestsLaunchTests.swift; sourceTree = "<group>"; };
		4A7FAFAB2AFD60DF0008E3BF /* ProductsDescriptionViewController.swift */ = {isa = PBXFileReference; lastKnownFileType = sourcecode.swift; path = ProductsDescriptionViewController.swift; sourceTree = "<group>"; };
/* End PBXFileReference section */

/* Begin PBXFrameworksBuildPhase section */
		4A7FAF752AFD5E220008E3BF /* Frameworks */ = {
			isa = PBXFrameworksBuildPhase;
			buildActionMask = 2147483647;
			files = (
			);
			runOnlyForDeploymentPostprocessing = 0;
		};
		4A7FAF8B2AFD5E230008E3BF /* Frameworks */ = {
			isa = PBXFrameworksBuildPhase;
			buildActionMask = 2147483647;
			files = (
			);
			runOnlyForDeploymentPostprocessing = 0;
		};
		4A7FAF952AFD5E230008E3BF /* Frameworks */ = {
			isa = PBXFrameworksBuildPhase;
			buildActionMask = 2147483647;
			files = (
			);
			runOnlyForDeploymentPostprocessing = 0;
		};
/* End PBXFrameworksBuildPhase section */

/* Begin PBXGroup section */
		4A7FAF6F2AFD5E220008E3BF = {
			isa = PBXGroup;
			children = (
				4A7FAF7A2AFD5E220008E3BF /* TableViewDemo */,
				4A7FAF912AFD5E230008E3BF /* TableViewDemoTests */,
				4A7FAF9B2AFD5E230008E3BF /* TableViewDemoUITests */,
				4A7FAF792AFD5E220008E3BF /* Products */,
			);
			sourceTree = "<group>";
		};
		4A7FAF792AFD5E220008E3BF /* Products */ = {
			isa = PBXGroup;
			children = (
				4A7FAF782AFD5E220008E3BF /* TableViewDemo.app */,
				4A7FAF8E2AFD5E230008E3BF /* TableViewDemoTests.xctest */,
				4A7FAF982AFD5E230008E3BF /* TableViewDemoUITests.xctest */,
			);
			name = Products;
			sourceTree = "<group>";
		};
		4A7FAF7A2AFD5E220008E3BF /* TableViewDemo */ = {
			isa = PBXGroup;
			children = (
				4A7FAF7B2AFD5E220008E3BF /* AppDelegate.swift */,
				4A7FAF7D2AFD5E220008E3BF /* SceneDelegate.swift */,
				4A7FAF7F2AFD5E220008E3BF /* ViewController.swift */,
				4A7FAF812AFD5E220008E3BF /* Main.storyboard */,
				4A7FAF842AFD5E230008E3BF /* Assets.xcassets */,
				4A7FAF862AFD5E230008E3BF /* LaunchScreen.storyboard */,
				4A7FAF892AFD5E230008E3BF /* Info.plist */,
				4A7FAFAB2AFD60DF0008E3BF /* ProductsDescriptionViewController.swift */,
			);
			path = TableViewDemo;
			sourceTree = "<group>";
		};
		4A7FAF912AFD5E230008E3BF /* TableViewDemoTests */ = {
			isa = PBXGroup;
			children = (
				4A7FAF922AFD5E230008E3BF /* TableViewDemoTests.swift */,
			);
			path = TableViewDemoTests;
			sourceTree = "<group>";
		};
		4A7FAF9B2AFD5E230008E3BF /* TableViewDemoUITests */ = {
			isa = PBXGroup;
			children = (
				4A7FAF9C2AFD5E230008E3BF /* TableViewDemoUITests.swift */,
				4A7FAF9E2AFD5E230008E3BF /* TableViewDemoUITestsLaunchTests.swift */,
			);
			path = TableViewDemoUITests;
			sourceTree = "<group>";
		};
/* End PBXGroup section */

/* Begin PBXNativeTarget section */
		4A7FAF772AFD5E220008E3BF /* TableViewDemo */ = {
			isa = PBXNativeTarget;
			buildConfigurationList = 4A7FAFA22AFD5E230008E3BF /* Build configuration list for PBXNativeTarget "TableViewDemo" */;
			buildPhases = (
				4A7FAF742AFD5E220008E3BF /* Sources */,
				4A7FAF752AFD5E220008E3BF /* Frameworks */,
				4A7FAF762AFD5E220008E3BF /* Resources */,
			);
			buildRules = (
			);
			dependencies = (
			);
			name = TableViewDemo;
			productName = TableViewDemo;
			productReference = 4A7FAF782AFD5E220008E3BF /* TableViewDemo.app */;
			productType = "com.apple.product-type.application";
		};
		4A7FAF8D2AFD5E230008E3BF /* TableViewDemoTests */ = {
			isa = PBXNativeTarget;
			buildConfigurationList = 4A7FAFA52AFD5E230008E3BF /* Build configuration list for PBXNativeTarget "TableViewDemoTests" */;
			buildPhases = (
				4A7FAF8A2AFD5E230008E3BF /* Sources */,
				4A7FAF8B2AFD5E230008E3BF /* Frameworks */,
				4A7FAF8C2AFD5E230008E3BF /* Resources */,
			);
			buildRules = (
			);
			dependencies = (
				4A7FAF902AFD5E230008E3BF /* PBXTargetDependency */,
			);
			name = TableViewDemoTests;
			productName = TableViewDemoTests;
			productReference = 4A7FAF8E2AFD5E230008E3BF /* TableViewDemoTests.xctest */;
			productType = "com.apple.product-type.bundle.unit-test";
		};
		4A7FAF972AFD5E230008E3BF /* TableViewDemoUITests */ = {
			isa = PBXNativeTarget;
			buildConfigurationList = 4A7FAFA82AFD5E230008E3BF /* Build configuration list for PBXNativeTarget "TableViewDemoUITests" */;
			buildPhases = (
				4A7FAF942AFD5E230008E3BF /* Sources */,
				4A7FAF952AFD5E230008E3BF /* Frameworks */,
				4A7FAF962AFD5E230008E3BF /* Resources */,
			);
			buildRules = (
			);
			dependencies = (
				4A7FAF9A2AFD5E230008E3BF /* PBXTargetDependency */,
			);
			name = TableViewDemoUITests;
			productName = TableViewDemoUITests;
			productReference = 4A7FAF982AFD5E230008E3BF /* TableViewDemoUITests.xctest */;
			productType = "com.apple.product-type.bundle.ui-testing";
		};
/* End PBXNativeTarget section */

/* Begin PBXProject section */
		4A7FAF702AFD5E220008E3BF /* Project object */ = {
			isa = PBXProject;
			attributes = {
				BuildIndependentTargetsInParallel = 1;
				LastSwiftUpdateCheck = 1430;
				LastUpgradeCheck = 1430;
				TargetAttributes = {
					4A7FAF772AFD5E220008E3BF = {
						CreatedOnToolsVersion = 14.3.1;
					};
					4A7FAF8D2AFD5E230008E3BF = {
						CreatedOnToolsVersion = 14.3.1;
						TestTargetID = 4A7FAF772AFD5E220008E3BF;
					};
					4A7FAF972AFD5E230008E3BF = {
						CreatedOnToolsVersion = 14.3.1;
						TestTargetID = 4A7FAF772AFD5E220008E3BF;
					};
				};
			};
			buildConfigurationList = 4A7FAF732AFD5E220008E3BF /* Build configuration list for PBXProject "TableViewDemo" */;
			compatibilityVersion = "Xcode 14.0";
			developmentRegion = en;
			hasScannedForEncodings = 0;
			knownRegions = (
				en,
				Base,
			);
			mainGroup = 4A7FAF6F2AFD5E220008E3BF;
			productRefGroup = 4A7FAF792AFD5E220008E3BF /* Products */;
			projectDirPath = "";
			projectRoot = "";
			targets = (
				4A7FAF772AFD5E220008E3BF /* TableViewDemo */,
				4A7FAF8D2AFD5E230008E3BF /* TableViewDemoTests */,
				4A7FAF972AFD5E230008E3BF /* TableViewDemoUITests */,
			);
		};
/* End PBXProject section */

/* Begin PBXResourcesBuildPhase section */
		4A7FAF762AFD5E220008E3BF /* Resources */ = {
			isa = PBXResourcesBuildPhase;
			buildActionMask = 2147483647;
			files = (
				4A7FAF882AFD5E230008E3BF /* LaunchScreen.storyboard in Resources */,
				4A7FAF852AFD5E230008E3BF /* Assets.xcassets in Resources */,
				4A7FAF832AFD5E220008E3BF /* Main.storyboard in Resources */,
			);
			runOnlyForDeploymentPostprocessing = 0;
		};
		4A7FAF8C2AFD5E230008E3BF /* Resources */ = {
			isa = PBXResourcesBuildPhase;
			buildActionMask = 2147483647;
			files = (
			);
			runOnlyForDeploymentPostprocessing = 0;
		};
		4A7FAF962AFD5E230008E3BF /* Resources */ = {
			isa = PBXResourcesBuildPhase;
			buildActionMask = 2147483647;
			files = (
			);
			runOnlyForDeploymentPostprocessing = 0;
		};
/* End PBXResourcesBuildPhase section */

/* Begin PBXSourcesBuildPhase section */
		4A7FAF742AFD5E220008E3BF /* Sources */ = {
			isa = PBXSourcesBuildPhase;
			buildActionMask = 2147483647;
			files = (
				4A7FAF802AFD5E220008E3BF /* ViewController.swift in Sources */,
				4A7FAFAC2AFD60DF0008E3BF /* ProductsDescriptionViewController.swift in Sources */,
				4A7FAF7C2AFD5E220008E3BF /* AppDelegate.swift in Sources */,
				4A7FAF7E2AFD5E220008E3BF /* SceneDelegate.swift in Sources */,
			);
			runOnlyForDeploymentPostprocessing = 0;
		};
		4A7FAF8A2AFD5E230008E3BF /* Sources */ = {
			isa = PBXSourcesBuildPhase;
			buildActionMask = 2147483647;
			files = (
				4A7FAF932AFD5E230008E3BF /* TableViewDemoTests.swift in Sources */,
			);
			runOnlyForDeploymentPostprocessing = 0;
		};
		4A7FAF942AFD5E230008E3BF /* Sources */ = {
			isa = PBXSourcesBuildPhase;
			buildActionMask = 2147483647;
			files = (
				4A7FAF9D2AFD5E230008E3BF /* TableViewDemoUITests.swift in Sources */,
				4A7FAF9F2AFD5E230008E3BF /* TableViewDemoUITestsLaunchTests.swift in Sources */,
			);
			runOnlyForDeploymentPostprocessing = 0;
		};
/* End PBXSourcesBuildPhase section */

/* Begin PBXTargetDependency section */
		4A7FAF902AFD5E230008E3BF /* PBXTargetDependency */ = {
			isa = PBXTargetDependency;
			target = 4A7FAF772AFD5E220008E3BF /* TableViewDemo */;
			targetProxy = 4A7FAF8F2AFD5E230008E3BF /* PBXContainerItemProxy */;
		};
		4A7FAF9A2AFD5E230008E3BF /* PBXTargetDependency */ = {
			isa = PBXTargetDependency;
			target = 4A7FAF772AFD5E220008E3BF /* TableViewDemo */;
			targetProxy = 4A7FAF992AFD5E230008E3BF /* PBXContainerItemProxy */;
		};
/* End PBXTargetDependency section */

/* Begin PBXVariantGroup section */
		4A7FAF812AFD5E220008E3BF /* Main.storyboard */ = {
			isa = PBXVariantGroup;
			children = (
				4A7FAF822AFD5E220008E3BF /* Base */,
			);
			name = Main.storyboard;
			sourceTree = "<group>";
		};
		4A7FAF862AFD5E230008E3BF /* LaunchScreen.storyboard */ = {
			isa = PBXVariantGroup;
			children = (
				4A7FAF872AFD5E230008E3BF /* Base */,
			);
			name = LaunchScreen.storyboard;
			sourceTree = "<group>";
		};
/* End PBXVariantGroup section */

/* Begin XCBuildConfiguration section */
		4A7FAFA02AFD5E230008E3BF /* Debug */ = {
			isa = XCBuildConfiguration;
			buildSettings = {
				ALWAYS_SEARCH_USER_PATHS = NO;
				CLANG_ANALYZER_NONNULL = YES;
				CLANG_ANALYZER_NUMBER_OBJECT_CONVERSION = YES_AGGRESSIVE;
				CLANG_CXX_LANGUAGE_STANDARD = "gnu++20";
				CLANG_ENABLE_MODULES = YES;
				CLANG_ENABLE_OBJC_ARC = YES;
				CLANG_ENABLE_OBJC_WEAK = YES;
				CLANG_WARN_BLOCK_CAPTURE_AUTORELEASING = YES;
				CLANG_WARN_BOOL_CONVERSION = YES;
				CLANG_WARN_COMMA = YES;
				CLANG_WARN_CONSTANT_CONVERSION = YES;
				CLANG_WARN_DEPRECATED_OBJC_IMPLEMENTATIONS = YES;
				CLANG_WARN_DIRECT_OBJC_ISA_USAGE = YES_ERROR;
				CLANG_WARN_DOCUMENTATION_COMMENTS = YES;
				CLANG_WARN_EMPTY_BODY = YES;
				CLANG_WARN_ENUM_CONVERSION = YES;
				CLANG_WARN_INFINITE_RECURSION = YES;
				CLANG_WARN_INT_CONVERSION = YES;
				CLANG_WARN_NON_LITERAL_NULL_CONVERSION = YES;
				CLANG_WARN_OBJC_IMPLICIT_RETAIN_SELF = YES;
				CLANG_WARN_OBJC_LITERAL_CONVERSION = YES;
				CLANG_WARN_OBJC_ROOT_CLASS = YES_ERROR;
				CLANG_WARN_QUOTED_INCLUDE_IN_FRAMEWORK_HEADER = YES;
				CLANG_WARN_RANGE_LOOP_ANALYSIS = YES;
				CLANG_WARN_STRICT_PROTOTYPES = YES;
				CLANG_WARN_SUSPICIOUS_MOVE = YES;
				CLANG_WARN_UNGUARDED_AVAILABILITY = YES_AGGRESSIVE;
				CLANG_WARN_UNREACHABLE_CODE = YES;
				CLANG_WARN__DUPLICATE_METHOD_MATCH = YES;
				COPY_PHASE_STRIP = NO;
				DEBUG_INFORMATION_FORMAT = dwarf;
				ENABLE_STRICT_OBJC_MSGSEND = YES;
				ENABLE_TESTABILITY = YES;
				GCC_C_LANGUAGE_STANDARD = gnu11;
				GCC_DYNAMIC_NO_PIC = NO;
				GCC_NO_COMMON_BLOCKS = YES;
				GCC_OPTIMIZATION_LEVEL = 0;
				GCC_PREPROCESSOR_DEFINITIONS = (
					"DEBUG=1",
					"$(inherited)",
				);
				GCC_WARN_64_TO_32_BIT_CONVERSION = YES;
				GCC_WARN_ABOUT_RETURN_TYPE = YES_ERROR;
				GCC_WARN_UNDECLARED_SELECTOR = YES;
				GCC_WARN_UNINITIALIZED_AUTOS = YES_AGGRESSIVE;
				GCC_WARN_UNUSED_FUNCTION = YES;
				GCC_WARN_UNUSED_VARIABLE = YES;
				IPHONEOS_DEPLOYMENT_TARGET = 16.4;
				MTL_ENABLE_DEBUG_INFO = INCLUDE_SOURCE;
				MTL_FAST_MATH = YES;
				ONLY_ACTIVE_ARCH = YES;
				SDKROOT = iphoneos;
				SWIFT_ACTIVE_COMPILATION_CONDITIONS = DEBUG;
				SWIFT_OPTIMIZATION_LEVEL = "-Onone";
			};
			name = Debug;
		};
		4A7FAFA12AFD5E230008E3BF /* Release */ = {
			isa = XCBuildConfiguration;
			buildSettings = {
				ALWAYS_SEARCH_USER_PATHS = NO;
				CLANG_ANALYZER_NONNULL = YES;
				CLANG_ANALYZER_NUMBER_OBJECT_CONVERSION = YES_AGGRESSIVE;
				CLANG_CXX_LANGUAGE_STANDARD = "gnu++20";
				CLANG_ENABLE_MODULES = YES;
				CLANG_ENABLE_OBJC_ARC = YES;
				CLANG_ENABLE_OBJC_WEAK = YES;
				CLANG_WARN_BLOCK_CAPTURE_AUTORELEASING = YES;
				CLANG_WARN_BOOL_CONVERSION = YES;
				CLANG_WARN_COMMA = YES;
				CLANG_WARN_CONSTANT_CONVERSION = YES;
				CLANG_WARN_DEPRECATED_OBJC_IMPLEMENTATIONS = YES;
				CLANG_WARN_DIRECT_OBJC_ISA_USAGE = YES_ERROR;
				CLANG_WARN_DOCUMENTATION_COMMENTS = YES;
				CLANG_WARN_EMPTY_BODY = YES;
				CLANG_WARN_ENUM_CONVERSION = YES;
				CLANG_WARN_INFINITE_RECURSION = YES;
				CLANG_WARN_INT_CONVERSION = YES;
				CLANG_WARN_NON_LITERAL_NULL_CONVERSION = YES;
				CLANG_WARN_OBJC_IMPLICIT_RETAIN_SELF = YES;
				CLANG_WARN_OBJC_LITERAL_CONVERSION = YES;
				CLANG_WARN_OBJC_ROOT_CLASS = YES_ERROR;
				CLANG_WARN_QUOTED_INCLUDE_IN_FRAMEWORK_HEADER = YES;
				CLANG_WARN_RANGE_LOOP_ANALYSIS = YES;
				CLANG_WARN_STRICT_PROTOTYPES = YES;
				CLANG_WARN_SUSPICIOUS_MOVE = YES;
				CLANG_WARN_UNGUARDED_AVAILABILITY = YES_AGGRESSIVE;
				CLANG_WARN_UNREACHABLE_CODE = YES;
				CLANG_WARN__DUPLICATE_METHOD_MATCH = YES;
				COPY_PHASE_STRIP = NO;
				DEBUG_INFORMATION_FORMAT = "dwarf-with-dsym";
				ENABLE_NS_ASSERTIONS = NO;
				ENABLE_STRICT_OBJC_MSGSEND = YES;
				GCC_C_LANGUAGE_STANDARD = gnu11;
				GCC_NO_COMMON_BLOCKS = YES;
				GCC_WARN_64_TO_32_BIT_CONVERSION = YES;
				GCC_WARN_ABOUT_RETURN_TYPE = YES_ERROR;
				GCC_WARN_UNDECLARED_SELECTOR = YES;
				GCC_WARN_UNINITIALIZED_AUTOS = YES_AGGRESSIVE;
				GCC_WARN_UNUSED_FUNCTION = YES;
				GCC_WARN_UNUSED_VARIABLE = YES;
				IPHONEOS_DEPLOYMENT_TARGET = 16.4;
				MTL_ENABLE_DEBUG_INFO = NO;
				MTL_FAST_MATH = YES;
				SDKROOT = iphoneos;
				SWIFT_COMPILATION_MODE = wholemodule;
				SWIFT_OPTIMIZATION_LEVEL = "-O";
				VALIDATE_PRODUCT = YES;
			};
			name = Release;
		};
		4A7FAFA32AFD5E230008E3BF /* Debug */ = {
			isa = XCBuildConfiguration;
			buildSettings = {
				ASSETCATALOG_COMPILER_APPICON_NAME = AppIcon;
				ASSETCATALOG_COMPILER_GLOBAL_ACCENT_COLOR_NAME = AccentColor;
				CODE_SIGN_STYLE = Automatic;
				CURRENT_PROJECT_VERSION = 1;
				GENERATE_INFOPLIST_FILE = YES;
				INFOPLIST_FILE = TableViewDemo/Info.plist;
				INFOPLIST_KEY_UIApplicationSupportsIndirectInputEvents = YES;
				INFOPLIST_KEY_UILaunchStoryboardName = LaunchScreen;
				INFOPLIST_KEY_UIMainStoryboardFile = Main;
				INFOPLIST_KEY_UISupportedInterfaceOrientations_iPad = "UIInterfaceOrientationPortrait UIInterfaceOrientationPortraitUpsideDown UIInterfaceOrientationLandscapeLeft UIInterfaceOrientationLandscapeRight";
				INFOPLIST_KEY_UISupportedInterfaceOrientations_iPhone = "UIInterfaceOrientationPortrait UIInterfaceOrientationLandscapeLeft UIInterfaceOrientationLandscapeRight";
				IPHONEOS_DEPLOYMENT_TARGET = 15.0;
				LD_RUNPATH_SEARCH_PATHS = (
					"$(inherited)",
					"@executable_path/Frameworks",
				);
				MARKETING_VERSION = 1.0;
				PRODUCT_BUNDLE_IDENTIFIER = nwmsu.TableViewDemo;
				PRODUCT_NAME = "$(TARGET_NAME)";
				SWIFT_EMIT_LOC_STRINGS = YES;
				SWIFT_VERSION = 5.0;
				TARGETED_DEVICE_FAMILY = "1,2";
			};
			name = Debug;
		};
		4A7FAFA42AFD5E230008E3BF /* Release */ = {
			isa = XCBuildConfiguration;
			buildSettings = {
				ASSETCATALOG_COMPILER_APPICON_NAME = AppIcon;
				ASSETCATALOG_COMPILER_GLOBAL_ACCENT_COLOR_NAME = AccentColor;
				CODE_SIGN_STYLE = Automatic;
				CURRENT_PROJECT_VERSION = 1;
				GENERATE_INFOPLIST_FILE = YES;
				INFOPLIST_FILE = TableViewDemo/Info.plist;
				INFOPLIST_KEY_UIApplicationSupportsIndirectInputEvents = YES;
				INFOPLIST_KEY_UILaunchStoryboardName = LaunchScreen;
				INFOPLIST_KEY_UIMainStoryboardFile = Main;
				INFOPLIST_KEY_UISupportedInterfaceOrientations_iPad = "UIInterfaceOrientationPortrait UIInterfaceOrientationPortraitUpsideDown UIInterfaceOrientationLandscapeLeft UIInterfaceOrientationLandscapeRight";
				INFOPLIST_KEY_UISupportedInterfaceOrientations_iPhone = "UIInterfaceOrientationPortrait UIInterfaceOrientationLandscapeLeft UIInterfaceOrientationLandscapeRight";
				IPHONEOS_DEPLOYMENT_TARGET = 15.0;
				LD_RUNPATH_SEARCH_PATHS = (
					"$(inherited)",
					"@executable_path/Frameworks",
				);
				MARKETING_VERSION = 1.0;
				PRODUCT_BUNDLE_IDENTIFIER = nwmsu.TableViewDemo;
				PRODUCT_NAME = "$(TARGET_NAME)";
				SWIFT_EMIT_LOC_STRINGS = YES;
				SWIFT_VERSION = 5.0;
				TARGETED_DEVICE_FAMILY = "1,2";
			};
			name = Release;
		};
		4A7FAFA62AFD5E230008E3BF /* Debug */ = {
			isa = XCBuildConfiguration;
			buildSettings = {
				ALWAYS_EMBED_SWIFT_STANDARD_LIBRARIES = YES;
				BUNDLE_LOADER = "$(TEST_HOST)";
				CODE_SIGN_STYLE = Automatic;
				CURRENT_PROJECT_VERSION = 1;
				GENERATE_INFOPLIST_FILE = YES;
				IPHONEOS_DEPLOYMENT_TARGET = 16.4;
				MARKETING_VERSION = 1.0;
				PRODUCT_BUNDLE_IDENTIFIER = nwmsu.TableViewDemoTests;
				PRODUCT_NAME = "$(TARGET_NAME)";
				SWIFT_EMIT_LOC_STRINGS = NO;
				SWIFT_VERSION = 5.0;
				TARGETED_DEVICE_FAMILY = "1,2";
				TEST_HOST = "$(BUILT_PRODUCTS_DIR)/TableViewDemo.app/$(BUNDLE_EXECUTABLE_FOLDER_PATH)/TableViewDemo";
			};
			name = Debug;
		};
		4A7FAFA72AFD5E230008E3BF /* Release */ = {
			isa = XCBuildConfiguration;
			buildSettings = {
				ALWAYS_EMBED_SWIFT_STANDARD_LIBRARIES = YES;
				BUNDLE_LOADER = "$(TEST_HOST)";
				CODE_SIGN_STYLE = Automatic;
				CURRENT_PROJECT_VERSION = 1;
				GENERATE_INFOPLIST_FILE = YES;
				IPHONEOS_DEPLOYMENT_TARGET = 16.4;
				MARKETING_VERSION = 1.0;
				PRODUCT_BUNDLE_IDENTIFIER = nwmsu.TableViewDemoTests;
				PRODUCT_NAME = "$(TARGET_NAME)";
				SWIFT_EMIT_LOC_STRINGS = NO;
				SWIFT_VERSION = 5.0;
				TARGETED_DEVICE_FAMILY = "1,2";
				TEST_HOST = "$(BUILT_PRODUCTS_DIR)/TableViewDemo.app/$(BUNDLE_EXECUTABLE_FOLDER_PATH)/TableViewDemo";
			};
			name = Release;
		};
		4A7FAFA92AFD5E230008E3BF /* Debug */ = {
			isa = XCBuildConfiguration;
			buildSettings = {
				ALWAYS_EMBED_SWIFT_STANDARD_LIBRARIES = YES;
				CODE_SIGN_STYLE = Automatic;
				CURRENT_PROJECT_VERSION = 1;
				GENERATE_INFOPLIST_FILE = YES;
				MARKETING_VERSION = 1.0;
				PRODUCT_BUNDLE_IDENTIFIER = nwmsu.TableViewDemoUITests;
				PRODUCT_NAME = "$(TARGET_NAME)";
				SWIFT_EMIT_LOC_STRINGS = NO;
				SWIFT_VERSION = 5.0;
				TARGETED_DEVICE_FAMILY = "1,2";
				TEST_TARGET_NAME = TableViewDemo;
			};
			name = Debug;
		};
		4A7FAFAA2AFD5E230008E3BF /* Release */ = {
			isa = XCBuildConfiguration;
			buildSettings = {
				ALWAYS_EMBED_SWIFT_STANDARD_LIBRARIES = YES;
				CODE_SIGN_STYLE = Automatic;
				CURRENT_PROJECT_VERSION = 1;
				GENERATE_INFOPLIST_FILE = YES;
				MARKETING_VERSION = 1.0;
				PRODUCT_BUNDLE_IDENTIFIER = nwmsu.TableViewDemoUITests;
				PRODUCT_NAME = "$(TARGET_NAME)";
				SWIFT_EMIT_LOC_STRINGS = NO;
				SWIFT_VERSION = 5.0;
				TARGETED_DEVICE_FAMILY = "1,2";
				TEST_TARGET_NAME = TableViewDemo;
			};
			name = Release;
		};
/* End XCBuildConfiguration section */

/* Begin XCConfigurationList section */
		4A7FAF732AFD5E220008E3BF /* Build configuration list for PBXProject "TableViewDemo" */ = {
			isa = XCConfigurationList;
			buildConfigurations = (
				4A7FAFA02AFD5E230008E3BF /* Debug */,
				4A7FAFA12AFD5E230008E3BF /* Release */,
			);
			defaultConfigurationIsVisible = 0;
			defaultConfigurationName = Release;
		};
		4A7FAFA22AFD5E230008E3BF /* Build configuration list for PBXNativeTarget "TableViewDemo" */ = {
			isa = XCConfigurationList;
			buildConfigurations = (
				4A7FAFA32AFD5E230008E3BF /* Debug */,
				4A7FAFA42AFD5E230008E3BF /* Release */,
			);
			defaultConfigurationIsVisible = 0;
			defaultConfigurationName = Release;
		};
		4A7FAFA52AFD5E230008E3BF /* Build configuration list for PBXNativeTarget "TableViewDemoTests" */ = {
			isa = XCConfigurationList;
			buildConfigurations = (
				4A7FAFA62AFD5E230008E3BF /* Debug */,
				4A7FAFA72AFD5E230008E3BF /* Release */,
			);
			defaultConfigurationIsVisible = 0;
			defaultConfigurationName = Release;
		};
		4A7FAFA82AFD5E230008E3BF /* Build configuration list for PBXNativeTarget "TableViewDemoUITests" */ = {
			isa = XCConfigurationList;
			buildConfigurations = (
				4A7FAFA92AFD5E230008E3BF /* Debug */,
				4A7FAFAA2AFD5E230008E3BF /* Release */,
			);
			defaultConfigurationIsVisible = 0;
			defaultConfigurationName = Release;
		};
/* End XCConfigurationList section */
	};
	rootObject = 4A7FAF702AFD5E220008E3BF /* Project object */;
}
